// !$*UTF8*$!
{
	archiveVersion = 1;
	classes = {
	};
	objectVersion = 46;
	objects = {

/* Begin PBXBuildFile section */
		3304F5201F76BACA00A90D46 /* GoogleService-Info.plist in Resources */ = {isa = PBXBuildFile; fileRef = 3304F51F1F76BACA00A90D46 /* GoogleService-Info.plist */; };
		336826351F76B29C00732302 /* AppDelegate.swift in Sources */ = {isa = PBXBuildFile; fileRef = 336826341F76B29C00732302 /* AppDelegate.swift */; };
		336826371F76B29C00732302 /* ViewController.swift in Sources */ = {isa = PBXBuildFile; fileRef = 336826361F76B29C00732302 /* ViewController.swift */; };
		3368263A1F76B29C00732302 /* Main.storyboard in Resources */ = {isa = PBXBuildFile; fileRef = 336826381F76B29C00732302 /* Main.storyboard */; };
		3368263C1F76B29C00732302 /* Assets.xcassets in Resources */ = {isa = PBXBuildFile; fileRef = 3368263B1F76B29C00732302 /* Assets.xcassets */; };
		3368263F1F76B29C00732302 /* LaunchScreen.storyboard in Resources */ = {isa = PBXBuildFile; fileRef = 3368263D1F76B29C00732302 /* LaunchScreen.storyboard */; };
		B568F705B16FA38BBC124229 /* Pods_GleanTn.framework in Frameworks */ = {isa = PBXBuildFile; fileRef = 0C5118EBFD163E61A0AF9E42 /* Pods_GleanTn.framework */; };
/* End PBXBuildFile section */

/* Begin PBXFileReference section */
		0C5118EBFD163E61A0AF9E42 /* Pods_GleanTn.framework */ = {isa = PBXFileReference; explicitFileType = wrapper.framework; includeInIndex = 0; path = Pods_GleanTn.framework; sourceTree = BUILT_PRODUCTS_DIR; };
		3304F51F1F76BACA00A90D46 /* GoogleService-Info.plist */ = {isa = PBXFileReference; fileEncoding = 4; lastKnownFileType = text.plist.xml; path = "GoogleService-Info.plist"; sourceTree = "<group>"; };
		336826311F76B29C00732302 /* GleanTn.app */ = {isa = PBXFileReference; explicitFileType = wrapper.application; includeInIndex = 0; path = GleanTn.app; sourceTree = BUILT_PRODUCTS_DIR; };
		336826341F76B29C00732302 /* AppDelegate.swift */ = {isa = PBXFileReference; lastKnownFileType = sourcecode.swift; path = AppDelegate.swift; sourceTree = "<group>"; };
		336826361F76B29C00732302 /* ViewController.swift */ = {isa = PBXFileReference; lastKnownFileType = sourcecode.swift; path = ViewController.swift; sourceTree = "<group>"; };
		336826391F76B29C00732302 /* Base */ = {isa = PBXFileReference; lastKnownFileType = file.storyboard; name = Base; path = Base.lproj/Main.storyboard; sourceTree = "<group>"; };
		3368263B1F76B29C00732302 /* Assets.xcassets */ = {isa = PBXFileReference; lastKnownFileType = folder.assetcatalog; path = Assets.xcassets; sourceTree = "<group>"; };
		3368263E1F76B29C00732302 /* Base */ = {isa = PBXFileReference; lastKnownFileType = file.storyboard; name = Base; path = Base.lproj/LaunchScreen.storyboard; sourceTree = "<group>"; };
		336826401F76B29C00732302 /* Info.plist */ = {isa = PBXFileReference; lastKnownFileType = text.plist.xml; path = Info.plist; sourceTree = "<group>"; };
		C7573913075FA85AB12B019B /* Pods-GleanTn.debug.xcconfig */ = {isa = PBXFileReference; includeInIndex = 1; lastKnownFileType = text.xcconfig; name = "Pods-GleanTn.debug.xcconfig"; path = "Pods/Target Support Files/Pods-GleanTn/Pods-GleanTn.debug.xcconfig"; sourceTree = "<group>"; };
		D5E87654BB2E46562431D9FB /* Pods-GleanTn.release.xcconfig */ = {isa = PBXFileReference; includeInIndex = 1; lastKnownFileType = text.xcconfig; name = "Pods-GleanTn.release.xcconfig"; path = "Pods/Target Support Files/Pods-GleanTn/Pods-GleanTn.release.xcconfig"; sourceTree = "<group>"; };
/* End PBXFileReference section */

/* Begin PBXFrameworksBuildPhase section */
		3368262E1F76B29C00732302 /* Frameworks */ = {
			isa = PBXFrameworksBuildPhase;
			buildActionMask = 2147483647;
			files = (
				B568F705B16FA38BBC124229 /* Pods_GleanTn.framework in Frameworks */,
			);
			runOnlyForDeploymentPostprocessing = 0;
		};
/* End PBXFrameworksBuildPhase section */

/* Begin PBXGroup section */
		264C67E8ED6E6B37BF60D071 /* Pods */ = {
			isa = PBXGroup;
			children = (
				C7573913075FA85AB12B019B /* Pods-GleanTn.debug.xcconfig */,
				D5E87654BB2E46562431D9FB /* Pods-GleanTn.release.xcconfig */,
			);
			name = Pods;
			sourceTree = "<group>";
		};
		336826281F76B29C00732302 = {
			isa = PBXGroup;
			children = (
				336826331F76B29C00732302 /* GleanTn */,
				336826321F76B29C00732302 /* Products */,
				264C67E8ED6E6B37BF60D071 /* Pods */,
				A08713922FCED382FB20F7CD /* Frameworks */,
			);
			sourceTree = "<group>";
		};
		336826321F76B29C00732302 /* Products */ = {
			isa = PBXGroup;
			children = (
				336826311F76B29C00732302 /* GleanTn.app */,
			);
			name = Products;
			sourceTree = "<group>";
		};
		336826331F76B29C00732302 /* GleanTn */ = {
			isa = PBXGroup;
			children = (
				336826341F76B29C00732302 /* AppDelegate.swift */,
				336826361F76B29C00732302 /* ViewController.swift */,
				336826381F76B29C00732302 /* Main.storyboard */,
				3368263B1F76B29C00732302 /* Assets.xcassets */,
				3368263D1F76B29C00732302 /* LaunchScreen.storyboard */,
				3304F51F1F76BACA00A90D46 /* GoogleService-Info.plist */,
				336826401F76B29C00732302 /* Info.plist */,
			);
			path = GleanTn;
			sourceTree = "<group>";
		};
		A08713922FCED382FB20F7CD /* Frameworks */ = {
			isa = PBXGroup;
			children = (
				0C5118EBFD163E61A0AF9E42 /* Pods_GleanTn.framework */,
			);
			name = Frameworks;
			sourceTree = "<group>";
		};
/* End PBXGroup section */

/* Begin PBXNativeTarget section */
		336826301F76B29C00732302 /* GleanTn */ = {
			isa = PBXNativeTarget;
			buildConfigurationList = 336826431F76B29C00732302 /* Build configuration list for PBXNativeTarget "GleanTn" */;
			buildPhases = (
				1B82A9DBEB80609D568DF285 /* [CP] Check Pods Manifest.lock */,
				3368262D1F76B29C00732302 /* Sources */,
				3368262E1F76B29C00732302 /* Frameworks */,
				3368262F1F76B29C00732302 /* Resources */,
				E7AE4F4275ED42B6806DC00B /* [CP] Embed Pods Frameworks */,
				95EDD01D183D6BEC9742FED3 /* [CP] Copy Pods Resources */,
			);
			buildRules = (
			);
			dependencies = (
			);
			name = GleanTn;
			productName = GleanTn;
			productReference = 336826311F76B29C00732302 /* GleanTn.app */;
			productType = "com.apple.product-type.application";
		};
/* End PBXNativeTarget section */

/* Begin PBXProject section */
		336826291F76B29C00732302 /* Project object */ = {
			isa = PBXProject;
			attributes = {
				LastSwiftUpdateCheck = 0830;
				LastUpgradeCheck = 0830;
				ORGANIZATIONNAME = "Code for Nashville";
				TargetAttributes = {
					336826301F76B29C00732302 = {
						CreatedOnToolsVersion = 8.3.3;
						DevelopmentTeam = 586EB56567;
						ProvisioningStyle = Automatic;
					};
				};
			};
			buildConfigurationList = 3368262C1F76B29C00732302 /* Build configuration list for PBXProject "GleanTn" */;
			compatibilityVersion = "Xcode 3.2";
			developmentRegion = English;
			hasScannedForEncodings = 0;
			knownRegions = (
				en,
				Base,
			);
			mainGroup = 336826281F76B29C00732302;
			productRefGroup = 336826321F76B29C00732302 /* Products */;
			projectDirPath = "";
			projectRoot = "";
			targets = (
				336826301F76B29C00732302 /* GleanTn */,
			);
		};
/* End PBXProject section */

/* Begin PBXResourcesBuildPhase section */
		3368262F1F76B29C00732302 /* Resources */ = {
			isa = PBXResourcesBuildPhase;
			buildActionMask = 2147483647;
			files = (
				3368263F1F76B29C00732302 /* LaunchScreen.storyboard in Resources */,
				3304F5201F76BACA00A90D46 /* GoogleService-Info.plist in Resources */,
				3368263C1F76B29C00732302 /* Assets.xcassets in Resources */,
				3368263A1F76B29C00732302 /* Main.storyboard in Resources */,
			);
			runOnlyForDeploymentPostprocessing = 0;
		};
/* End PBXResourcesBuildPhase section */

/* Begin PBXShellScriptBuildPhase section */
		1B82A9DBEB80609D568DF285 /* [CP] Check Pods Manifest.lock */ = {
			isa = PBXShellScriptBuildPhase;
			buildActionMask = 2147483647;
			files = (
			);
			inputPaths = (
			);
			name = "[CP] Check Pods Manifest.lock";
			outputPaths = (
			);
			runOnlyForDeploymentPostprocessing = 0;
			shellPath = /bin/sh;
			shellScript = "diff \"${PODS_ROOT}/../Podfile.lock\" \"${PODS_ROOT}/Manifest.lock\" > /dev/null\nif [ $? != 0 ] ; then\n    # print error to STDERR\n    echo \"error: The sandbox is not in sync with the Podfile.lock. Run 'pod install' or update your CocoaPods installation.\" >&2\n    exit 1\nfi\n";
			showEnvVarsInLog = 0;
		};
		95EDD01D183D6BEC9742FED3 /* [CP] Copy Pods Resources */ = {
			isa = PBXShellScriptBuildPhase;
			buildActionMask = 2147483647;
			files = (
			);
			inputPaths = (
			);
			name = "[CP] Copy Pods Resources";
			outputPaths = (
			);
			runOnlyForDeploymentPostprocessing = 0;
			shellPath = /bin/sh;
			shellScript = "\"${SRCROOT}/Pods/Target Support Files/Pods-GleanTn/Pods-GleanTn-resources.sh\"\n";
			showEnvVarsInLog = 0;
		};
		E7AE4F4275ED42B6806DC00B /* [CP] Embed Pods Frameworks */ = {
			isa = PBXShellScriptBuildPhase;
			buildActionMask = 2147483647;
			files = (
			);
			inputPaths = (
			);
			name = "[CP] Embed Pods Frameworks";
			outputPaths = (
			);
			runOnlyForDeploymentPostprocessing = 0;
			shellPath = /bin/sh;
			shellScript = "\"${SRCROOT}/Pods/Target Support Files/Pods-GleanTn/Pods-GleanTn-frameworks.sh\"\n";
			showEnvVarsInLog = 0;
		};
/* End PBXShellScriptBuildPhase section */

/* Begin PBXSourcesBuildPhase section */
		3368262D1F76B29C00732302 /* Sources */ = {
			isa = PBXSourcesBuildPhase;
			buildActionMask = 2147483647;
			files = (
				336826371F76B29C00732302 /* ViewController.swift in Sources */,
				336826351F76B29C00732302 /* AppDelegate.swift in Sources */,
			);
			runOnlyForDeploymentPostprocessing = 0;
		};
/* End PBXSourcesBuildPhase section */

/* Begin PBXVariantGroup section */
		336826381F76B29C00732302 /* Main.storyboard */ = {
			isa = PBXVariantGroup;
			children = (
				336826391F76B29C00732302 /* Base */,
			);
			name = Main.storyboard;
			sourceTree = "<group>";
		};
		3368263D1F76B29C00732302 /* LaunchScreen.storyboard */ = {
			isa = PBXVariantGroup;
			children = (
				3368263E1F76B29C00732302 /* Base */,
			);
			name = LaunchScreen.storyboard;
			sourceTree = "<group>";
		};
/* End PBXVariantGroup section */

/* Begin XCBuildConfiguration section */
		336826411F76B29C00732302 /* Debug */ = {
			isa = XCBuildConfiguration;
			buildSettings = {
				ALWAYS_SEARCH_USER_PATHS = NO;
				CLANG_ANALYZER_NONNULL = YES;
				CLANG_ANALYZER_NUMBER_OBJECT_CONVERSION = YES_AGGRESSIVE;
				CLANG_CXX_LANGUAGE_STANDARD = "gnu++0x";
				CLANG_CXX_LIBRARY = "libc++";
				CLANG_ENABLE_MODULES = YES;
				CLANG_ENABLE_OBJC_ARC = YES;
				CLANG_WARN_BOOL_CONVERSION = YES;
				CLANG_WARN_CONSTANT_CONVERSION = YES;
				CLANG_WARN_DIRECT_OBJC_ISA_USAGE = YES_ERROR;
				CLANG_WARN_DOCUMENTATION_COMMENTS = YES;
				CLANG_WARN_EMPTY_BODY = YES;
				CLANG_WARN_ENUM_CONVERSION = YES;
				CLANG_WARN_INFINITE_RECURSION = YES;
				CLANG_WARN_INT_CONVERSION = YES;
				CLANG_WARN_OBJC_ROOT_CLASS = YES_ERROR;
				CLANG_WARN_SUSPICIOUS_MOVE = YES;
				CLANG_WARN_UNREACHABLE_CODE = YES;
				CLANG_WARN__DUPLICATE_METHOD_MATCH = YES;
				"CODE_SIGN_IDENTITY[sdk=iphoneos*]" = "iPhone Developer";
				COPY_PHASE_STRIP = NO;
				DEBUG_INFORMATION_FORMAT = dwarf;
				ENABLE_STRICT_OBJC_MSGSEND = YES;
				ENABLE_TESTABILITY = YES;
				GCC_C_LANGUAGE_STANDARD = gnu99;
				GCC_DYNAMIC_NO_PIC = NO;
				GCC_NO_COMMON_BLOCKS = YES;
				GCC_OPTIMIZATION_LEVEL = 0;
				GCC_PREPROCESSOR_DEFINITIONS = (
					"DEBUG=1",
					"$(inherited)",
				);
				GCC_WARN_64_TO_32_BIT_CONVERSION = YES;
				GCC_WARN_ABOUT_RETURN_TYPE = YES_ERROR;
				GCC_WARN_UNDECLARED_SELECTOR = YES;
				GCC_WARN_UNINITIALIZED_AUTOS = YES_AGGRESSIVE;
				GCC_WARN_UNUSED_FUNCTION = YES;
				GCC_WARN_UNUSED_VARIABLE = YES;
				IPHONEOS_DEPLOYMENT_TARGET = 10.3;
				MTL_ENABLE_DEBUG_INFO = YES;
				ONLY_ACTIVE_ARCH = YES;
				SDKROOT = iphoneos;
				SWIFT_ACTIVE_COMPILATION_CONDITIONS = DEBUG;
				SWIFT_OPTIMIZATION_LEVEL = "-Onone";
			};
			name = Debug;
		};
		336826421F76B29C00732302 /* Release */ = {
			isa = XCBuildConfiguration;
			buildSettings = {
				ALWAYS_SEARCH_USER_PATHS = NO;
				CLANG_ANALYZER_NONNULL = YES;
				CLANG_ANALYZER_NUMBER_OBJECT_CONVERSION = YES_AGGRESSIVE;
				CLANG_CXX_LANGUAGE_STANDARD = "gnu++0x";
				CLANG_CXX_LIBRARY = "libc++";
				CLANG_ENABLE_MODULES = YES;
				CLANG_ENABLE_OBJC_ARC = YES;
				CLANG_WARN_BOOL_CONVERSION = YES;
				CLANG_WARN_CONSTANT_CONVERSION = YES;
				CLANG_WARN_DIRECT_OBJC_ISA_USAGE = YES_ERROR;
				CLANG_WARN_DOCUMENTATION_COMMENTS = YES;
				CLANG_WARN_EMPTY_BODY = YES;
				CLANG_WARN_ENUM_CONVERSION = YES;
				CLANG_WARN_INFINITE_RECURSION = YES;
				CLANG_WARN_INT_CONVERSION = YES;
				CLANG_WARN_OBJC_ROOT_CLASS = YES_ERROR;
				CLANG_WARN_SUSPICIOUS_MOVE = YES;
				CLANG_WARN_UNREACHABLE_CODE = YES;
				CLANG_WARN__DUPLICATE_METHOD_MATCH = YES;
				"CODE_SIGN_IDENTITY[sdk=iphoneos*]" = "iPhone Developer";
				COPY_PHASE_STRIP = NO;
				DEBUG_INFORMATION_FORMAT = "dwarf-with-dsym";
				ENABLE_NS_ASSERTIONS = NO;
				ENABLE_STRICT_OBJC_MSGSEND = YES;
				GCC_C_LANGUAGE_STANDARD = gnu99;
				GCC_NO_COMMON_BLOCKS = YES;
				GCC_WARN_64_TO_32_BIT_CONVERSION = YES;
				GCC_WARN_ABOUT_RETURN_TYPE = YES_ERROR;
				GCC_WARN_UNDECLARED_SELECTOR = YES;
				GCC_WARN_UNINITIALIZED_AUTOS = YES_AGGRESSIVE;
				GCC_WARN_UNUSED_FUNCTION = YES;
				GCC_WARN_UNUSED_VARIABLE = YES;
				IPHONEOS_DEPLOYMENT_TARGET = 10.3;
				MTL_ENABLE_DEBUG_INFO = NO;
				SDKROOT = iphoneos;
				SWIFT_OPTIMIZATION_LEVEL = "-Owholemodule";
				VALIDATE_PRODUCT = YES;
			};
			name = Release;
		};
		336826441F76B29C00732302 /* Debug */ = {
			isa = XCBuildConfiguration;
			baseConfigurationReference = C7573913075FA85AB12B019B /* Pods-GleanTn.debug.xcconfig */;
			buildSettings = {
				ASSETCATALOG_COMPILER_APPICON_NAME = AppIcon;
				DEVELOPMENT_TEAM = 586EB56567;
				INFOPLIST_FILE = GleanTn/Info.plist;
				LD_RUNPATH_SEARCH_PATHS = "$(inherited) @executable_path/Frameworks";
				PRODUCT_BUNDLE_IDENTIFIER = com.saba.GleanTn;
				PRODUCT_NAME = "$(TARGET_NAME)";
				SWIFT_VERSION = 3.0;
			};
			name = Debug;
		};
		336826451F76B29C00732302 /* Release */ = {
			isa = XCBuildConfiguration;
			baseConfigurationReference = D5E87654BB2E46562431D9FB /* Pods-GleanTn.release.xcconfig */;
			buildSettings = {
				ASSETCATALOG_COMPILER_APPICON_NAME = AppIcon;
				DEVELOPMENT_TEAM = 586EB56567;
				INFOPLIST_FILE = GleanTn/Info.plist;
				LD_RUNPATH_SEARCH_PATHS = "$(inherited) @executable_path/Frameworks";
				PRODUCT_BUNDLE_IDENTIFIER = com.saba.GleanTn;
				PRODUCT_NAME = "$(TARGET_NAME)";
				SWIFT_VERSION = 3.0;
			};
			name = Release;
		};
/* End XCBuildConfiguration section */

/* Begin XCConfigurationList section */
		3368262C1F76B29C00732302 /* Build configuration list for PBXProject "GleanTn" */ = {
			isa = XCConfigurationList;
			buildConfigurations = (
				336826411F76B29C00732302 /* Debug */,
				336826421F76B29C00732302 /* Release */,
			);
			defaultConfigurationIsVisible = 0;
			defaultConfigurationName = Release;
		};
		336826431F76B29C00732302 /* Build configuration list for PBXNativeTarget "GleanTn" */ = {
			isa = XCConfigurationList;
			buildConfigurations = (
				336826441F76B29C00732302 /* Debug */,
				336826451F76B29C00732302 /* Release */,
			);
			defaultConfigurationIsVisible = 0;
			defaultConfigurationName = Release;
		};
/* End XCConfigurationList section */
	};
	rootObject = 336826291F76B29C00732302 /* Project object */;
}
